version = 1
revision = 3
requires-python = "==3.12.*"

[[package]]
name = "actionlint-py"
version = "1.7.12.24"
source = { registry = "https://pypi.org/simple" }
sdist = { url = "https://files.pythonhosted.org/packages/6f/0b/3f29683dfbe94208fb5c3806806a6ef419972892e25c3c4f95198f68c978/actionlint_py-1.7.12.24.tar.gz", hash = "sha256:7571b0724fde79b2572b98b2b53792c470249d4db29951b57fc49b9cd3eaf11e", size = 12071, upload-time = "2026-03-31T06:21:35.015Z" }

[[package]]
name = "bibr-ci-tools"
version = "0.0.0"
source = { virtual = "." }
dependencies = [
    { name = "actionlint-py" },
    { name = "zizmor" },
]

[package.metadata]
requires-dist = [
    { name = "actionlint-py", specifier = "==1.7.12.24" },
    { name = "zizmor", specifier = "==1.26.1" },
]

[[package]]
name = "zizmor"
version = "1.26.1"
source = { registry = "https://pypi.org/simple" }
sdist = { url = "https://files.pythonhosted.org/packages/e4/a0/a29b38e24981b4bb41db4f292b2c9fb9ddf8b05d6b724abddd7bd108b621/zizmor-1.26.1.tar.gz", hash = "sha256:0c2cc575007a4db99d89d5acc6120cfa7b61504bc2394c3b50af348c73f1916e", size = 535275, upload-time = "2026-06-21T02:47:21.265Z" }
wheels = [
    { url = "https://files.pythonhosted.org/packages/40/a9/2f47f7db8db9491025e00a7f1a0f25d32b642c0285b2fe070ac63e679b47/zizmor-1.26.1-py3-none-macosx_10_12_x86_64.whl", hash = "sha256:7ea21ca959c8e888de238fee81d73a1fdf89a82067eac75b8f1acdbd23e2eeaf", size = 9086061, upload-time = "2026-06-21T02:46:57.492Z" },
    { url = "https://files.pythonhosted.org/packages/58/92/cf6801f01e1d65cbda89a2e2926ea42caf1daad9ffa3f1fc88e4c68f48a9/zizmor-1.26.1-py3-none-macosx_11_0_arm64.whl", hash = "sha256:78083b495593f8b0b9dec14036a0836a5afcddda8a40738336ff4e399476b741", size = 8626865, upload-time = "2026-06-21T02:47:00.323Z" },
    { url = "https://files.pythonhosted.org/packages/b4/b1/ff38fc2921f1fb13244bb3a3642c4b45ecf3946c279942aafcb5dbf55a57/zizmor-1.26.1-py3-none-manylinux_2_24_aarch64.whl", hash = "sha256:bb7ebbe565a3742eb49a590352127ad549bb122b9b4ff9424ebab7525fa3b6b6", size = 8843965, upload-time = "2026-06-21T02:47:03.318Z" },
    { url = "https://files.pythonhosted.org/packages/3d/06/c07fd0eeef0427d93e99d552d5386526fbcd0bf05fc95cd37bdc6229fccb/zizmor-1.26.1-py3-none-manylinux_2_28_armv7l.whl", hash = "sha256:d3049010b6bd6f849413b6d20c28e0c677b90e0a5b2bc73cbee7f7bd86dc5828", size = 8386985, upload-time = "2026-06-21T02:47:05.741Z" },
    { url = "https://files.pythonhosted.org/packages/a8/2b/61ab13d45d6ce57ef5a08bb3246981f62e30bb4938098b17bb7b88110b79/zizmor-1.26.1-py3-none-manylinux_2_28_x86_64.whl", hash = "sha256:6a958d8a0941d7e1d0de8436670b5cb7fc64c8028b4d16e3f519ccc77f953cef", size = 9257232, upload-time = "2026-06-21T02:47:07.941Z" },
    { url = "https://files.pythonhosted.org/packages/e3/ad/bd74a96cb02045414ec5b573cd97ff3b82a97fd0bd6658f93c36a011c439/zizmor-1.26.1-py3-none-musllinux_1_2_aarch64.whl", hash = "sha256:d2744cdf944436ca7a009ae8b626a017a40381ec990216abd6cf6b8beb23323a", size = 8873798, upload-time = "2026-06-21T02:47:10.472Z" },
    { url = "https://files.pythonhosted.org/packages/b8/7e/fb3d608ee11e2f619d43ad93bab46eb7b32769fa82b1d86fd23f27c2585b/zizmor-1.26.1-py3-none-musllinux_1_2_armv7l.whl", hash = "sha256:44099f426af9da750ff9f548a0084e11d7d83e0158fe1a2778672398d728efdd", size = 8350857, upload-time = "2026-06-21T02:47:12.748Z" },
    { url = "https://files.pythonhosted.org/packages/27/cc/82d7a838c2d490071555c364f90eb851044b3eeefc1d68612179a2cd1ae5/zizmor-1.26.1-py3-none-musllinux_1_2_x86_64.whl", hash = "sha256:8313cc264dec792f00a7328eb7c8e89e7d62d54f950fc897d1e6a5a6e5762203", size = 9351148, upload-time = "2026-06-21T02:47:14.777Z" },
    { url = "https://files.pythonhosted.org/packages/f9/ee/d2a2301f30b9e1bf0d721bfd31739acd71e048757f9ba79279583eb30ac0/zizmor-1.26.1-py3-none-win32.whl", hash = "sha256:c96d7787d69fb298eae939e00dfdf7f534d7dfbd9cc17ab442c0650a56851415", size = 7531021, upload-time = "2026-06-21T02:47:17.247Z" },
    { url = "https://files.pythonhosted.org/packages/91/58/ad561f3a5057d3c0f152002e180a3a5745e72ea9d69bf66450ef9f5d3fe5/zizmor-1.26.1-py3-none-win_amd64.whl", hash = "sha256:0a05acf6068609fb6df3b137276cf18a686226a1e0e207941cb34a85929f16cf", size = 8616584, upload-time = "2026-06-21T02:47:19.094Z" },
]
